PODS:
  - Kingfisher (7.2.2)
  - SwiftKeychainWrapper (4.0.1)

DEPENDENCIES:
  - Kingfisher (~> 7.0)
  - SwiftKeychainWrapper (~> 4.0)

SPEC REPOS:
  trunk:
    - Kingfisher
    - SwiftKeychainWrapper

SPEC CHECKSUMS:
  Kingfisher: 184d4d1a8c36666e663caf8e08abe87898595c53
  SwiftKeychainWrapper: 807ba1d63c33a7d0613288512399cd1eda1e470c

PODFILE CHECKSUM: fedcd02cdea149f6f16035317c3ace33b38f65f0

COCOAPODS: 1.11.3
