PODS:
  - Kingfisher (7.6.2)
  - SwiftKeychainWrapper (4.0.1)

DEPENDENCIES:
  - Kingfisher (~> 7.6.2)
  - SwiftKeychainWrapper (~> 4.0)

SPEC REPOS:
  trunk:
    - Kingfisher
    - SwiftKeychainWrapper

SPEC CHECKSUMS:
  Kingfisher: 6c5449c6450c5239166510ba04afe374a98afc4f
  SwiftKeychainWrapper: 807ba1d63c33a7d0613288512399cd1eda1e470c

PODFILE CHECKSUM: d00bd33a44dc58e4fb37e719b3a1d67913a80802

COCOAPODS: 1.11.3
